
Microsoft Visual Studio Solution File, Format Version 12.00
# Visual Studio Version 17
VisualStudioVersion = 17.0.31919.166
MinimumVisualStudioVersion = 10.0.40219.1
Project("{FAE04EC0-301F-11D3-BF4B-00C04F79EFBC}") = "SmartMed", "SmartMed\SmartMed.csproj", "{7A47E85B-CFE7-48EE-9E28-6A835B2766A0}"
EndProject
Project("{FAE04EC0-301F-11D3-BF4B-00C04F79EFBC}") = "SmartMed.Tests", "SmartMed.Tests\SmartMed.Tests.csproj", "{8152E3A1-7C7A-4025-8F70-0B51A17D5C51}"
EndProject
Global
	GlobalSection(SolutionConfigurationPlatforms) = preSolution
		Debug|Any CPU = Debug|Any CPU
		Release|Any CPU = Release|Any CPU
	EndGlobalSection
	GlobalSection(ProjectConfigurationPlatforms) = postSolution
		{7A47E85B-CFE7-48EE-9E28-6A835B2766A0}.Debug|Any CPU.ActiveCfg = Debug|Any CPU
		{7A47E85B-CFE7-48EE-9E28-6A835B2766A0}.Debug|Any CPU.Build.0 = Debug|Any CPU
		{7A47E85B-CFE7-48EE-9E28-6A835B2766A0}.Release|Any CPU.ActiveCfg = Release|Any CPU
		{7A47E85B-CFE7-48EE-9E28-6A835B2766A0}.Release|Any CPU.Build.0 = Release|Any CPU
		{8152E3A1-7C7A-4025-8F70-0B51A17D5C51}.Debug|Any CPU.ActiveCfg = Debug|Any CPU
		{8152E3A1-7C7A-4025-8F70-0B51A17D5C51}.Debug|Any CPU.Build.0 = Debug|Any CPU
		{8152E3A1-7C7A-4025-8F70-0B51A17D5C51}.Release|Any CPU.ActiveCfg = Release|Any CPU
		{8152E3A1-7C7A-4025-8F70-0B51A17D5C51}.Release|Any CPU.Build.0 = Release|Any CPU
	EndGlobalSection
	GlobalSection(SolutionProperties) = preSolution
		HideSolutionNode = FALSE
	EndGlobalSection
	GlobalSection(ExtensibilityGlobals) = postSolution
		SolutionGuid = {BC3A8A03-A26F-4BF9-971E-EBE6B7190E49}
	EndGlobalSection
EndGlobal
